
Microsoft Visual Studio Solution File, Format Version 12.00
# Visual Studio Version 16
VisualStudioVersion = 16.0.31005.135
MinimumVisualStudioVersion = 10.0.40219.1
Project("{FAE04EC0-301F-11D3-BF4B-00C04F79EFBC}") = "SimpleArraySum", "SimpleArraySum\SimpleArraySum.csproj", "{838A89F3-6D79-4A4B-BD64-A0AB0447D1A7}"
EndProject
Global
	GlobalSection(SolutionConfigurationPlatforms) = preSolution
		Debug|Any CPU = Debug|Any CPU
		Release|Any CPU = Release|Any CPU
	EndGlobalSection
	GlobalSection(ProjectConfigurationPlatforms) = postSolution
		{838A89F3-6D79-4A4B-BD64-A0AB0447D1A7}.Debug|Any CPU.ActiveCfg = Debug|Any CPU
		{838A89F3-6D79-4A4B-BD64-A0AB0447D1A7}.Debug|Any CPU.Build.0 = Debug|Any CPU
		{838A89F3-6D79-4A4B-BD64-A0AB0447D1A7}.Release|Any CPU.ActiveCfg = Release|Any CPU
		{838A89F3-6D79-4A4B-BD64-A0AB0447D1A7}.Release|Any CPU.Build.0 = Release|Any CPU
	EndGlobalSection
	GlobalSection(SolutionProperties) = preSolution
		HideSolutionNode = FALSE
	EndGlobalSection
	GlobalSection(ExtensibilityGlobals) = postSolution
		SolutionGuid = {A7FEB8E3-013D-4823-83AD-A0DCFC1102E6}
	EndGlobalSection
EndGlobal
