
Microsoft Visual Studio Solution File, Format Version 12.00
# Visual Studio Version 16
VisualStudioVersion = 16.0.31005.135
MinimumVisualStudioVersion = 10.0.40219.1
Project("{FAE04EC0-301F-11D3-BF4B-00C04F79EFBC}") = "AWS-S3-Full", "AWS-S3-Full\AWS-S3-Full.csproj", "{5788C595-FECF-421D-83B1-04323A9626CB}"
EndProject
Global
	GlobalSection(SolutionConfigurationPlatforms) = preSolution
		Debug|Any CPU = Debug|Any CPU
		Release|Any CPU = Release|Any CPU
	EndGlobalSection
	GlobalSection(ProjectConfigurationPlatforms) = postSolution
		{5788C595-FECF-421D-83B1-04323A9626CB}.Debug|Any CPU.ActiveCfg = Debug|Any CPU
		{5788C595-FECF-421D-83B1-04323A9626CB}.Debug|Any CPU.Build.0 = Debug|Any CPU
		{5788C595-FECF-421D-83B1-04323A9626CB}.Release|Any CPU.ActiveCfg = Release|Any CPU
		{5788C595-FECF-421D-83B1-04323A9626CB}.Release|Any CPU.Build.0 = Release|Any CPU
	EndGlobalSection
	GlobalSection(SolutionProperties) = preSolution
		HideSolutionNode = FALSE
	EndGlobalSection
	GlobalSection(ExtensibilityGlobals) = postSolution
		SolutionGuid = {BC7D56EE-F92D-4846-B888-4E5E2A09D3A6}
	EndGlobalSection
EndGlobal
