
Microsoft Visual Studio Solution File, Format Version 12.00
# Visual Studio Version 16
VisualStudioVersion = 16.0.31005.135
MinimumVisualStudioVersion = 10.0.40219.1
Project("{FAE04EC0-301F-11D3-BF4B-00C04F79EFBC}") = "Concept", "Concept.csproj", "{AFF2C343-24E3-4AB4-BDB4-E062EA6940C3}"
EndProject
Global
	GlobalSection(SolutionConfigurationPlatforms) = preSolution
		Debug|Any CPU = Debug|Any CPU
		Release|Any CPU = Release|Any CPU
	EndGlobalSection
	GlobalSection(ProjectConfigurationPlatforms) = postSolution
		{AFF2C343-24E3-4AB4-BDB4-E062EA6940C3}.Debug|Any CPU.ActiveCfg = Debug|Any CPU
		{AFF2C343-24E3-4AB4-BDB4-E062EA6940C3}.Debug|Any CPU.Build.0 = Debug|Any CPU
		{AFF2C343-24E3-4AB4-BDB4-E062EA6940C3}.Release|Any CPU.ActiveCfg = Release|Any CPU
		{AFF2C343-24E3-4AB4-BDB4-E062EA6940C3}.Release|Any CPU.Build.0 = Release|Any CPU
	EndGlobalSection
	GlobalSection(SolutionProperties) = preSolution
		HideSolutionNode = FALSE
	EndGlobalSection
	GlobalSection(ExtensibilityGlobals) = postSolution
		SolutionGuid = {A112CFD5-B0C5-48CB-A416-2EE5A5D579A9}
	EndGlobalSection
EndGlobal
