
Microsoft Visual Studio Solution File, Format Version 12.00
# Visual Studio Version 16
VisualStudioVersion = 16.0.30907.101
MinimumVisualStudioVersion = 10.0.40219.1
Project("{FAE04EC0-301F-11D3-BF4B-00C04F79EFBC}") = "JaggedArray", "JaggedArray.csproj", "{7906F99D-BC54-44AE-80DA-046B47D7F304}"
EndProject
Global
	GlobalSection(SolutionConfigurationPlatforms) = preSolution
		Debug|Any CPU = Debug|Any CPU
		Release|Any CPU = Release|Any CPU
	EndGlobalSection
	GlobalSection(ProjectConfigurationPlatforms) = postSolution
		{7906F99D-BC54-44AE-80DA-046B47D7F304}.Debug|Any CPU.ActiveCfg = Debug|Any CPU
		{7906F99D-BC54-44AE-80DA-046B47D7F304}.Debug|Any CPU.Build.0 = Debug|Any CPU
		{7906F99D-BC54-44AE-80DA-046B47D7F304}.Release|Any CPU.ActiveCfg = Release|Any CPU
		{7906F99D-BC54-44AE-80DA-046B47D7F304}.Release|Any CPU.Build.0 = Release|Any CPU
	EndGlobalSection
	GlobalSection(SolutionProperties) = preSolution
		HideSolutionNode = FALSE
	EndGlobalSection
	GlobalSection(ExtensibilityGlobals) = postSolution
		SolutionGuid = {6774E17E-86D8-4258-A8EF-577FAB426D83}
	EndGlobalSection
EndGlobal
